hash: 5989fcb5df2f0b021d5d39f57849ec3f4690c8153abc9a58c0717b4368a25158
updated: 2017-04-01T00:08:36.575888584+02:00
imports:
- name: github.com/gorilla/websocket
  version: 3ab3a8b8831546bd18fd182c20687ca853b2bb13
- name: github.com/howeyc/gopass
  version: bf9dde6d0d2c004a008c27aaee91170c786f6db8
- name: github.com/jessevdk/go-flags
  version: 48cf8722c3375517aba351d1f7577c40663a4407
- name: golang.org/x/crypto
  version: 3cb07270c9455e8ad27956a70891c962d121a228
  subpackages:
  - ssh/terminal
- name: golang.org/x/sys
  version: 9a7256cb28ed514b4e1e5f68959914c4c28a92e0
  subpackages:
  - unix
- name: gopkg.in/ini.v1
  version: e7fea39b01aea8d5671f6858f0532f56e8bff3a5
testImports:
- name: github.com/davecgh/go-spew
  version: 6d212800a42e8ab5c146b8ace3490ee17e5225f9
  subpackages:
  - spew
- name: github.com/pmezard/go-difflib
  version: d8ed2627bdf02c080bf22230dbb337003b7aba2d
  subpackages:
  - difflib
- name: github.com/stretchr/testify
  version: 69483b4bd14f5845b5a1e55bca19e954e827f1d0
  subpackages:
  - assert
