hash: de01ec7c812187d9c0b80d48fbc7bb6031893a500a29a603400dca000819b3f7
updated: 2018-01-27T13:13:27.571083584Z
imports:
- name: github.com/gorilla/websocket
  version: ea4d1f681babbce9545c9c5f3d5194a789c89f5b
- name: github.com/howeyc/gopass
  version: bf9dde6d0d2c004a008c27aaee91170c786f6db8
- name: github.com/jessevdk/go-flags
  version: 96dc06278ce32a0e9d957d590bb987c81ee66407
- name: github.com/looplab/fsm
  version: 8def87414f14eaa69e4ee40abd20a7c195cea6f4
- name: golang.org/x/crypto
  version: 0efb9460aaf800c6376acf625be2853bceac2e06
  subpackages:
  - ssh/terminal
- name: golang.org/x/sys
  version: ff2a66f350cefa5c93a634eadb5d25bb60c85a9c
  subpackages:
  - unix
  - windows
- name: gopkg.in/ini.v1
  version: 32e4c1e6bc4e7d0d8451aa6b75200d19e37a536a
testImports:
- name: github.com/davecgh/go-spew
  version: ecdeabc65495df2dec95d7c4a4c3e021903035e5
  subpackages:
  - spew
- name: github.com/pmezard/go-difflib
  version: 792786c7400a136282c1664665ae0a8db921c6c2
  subpackages:
  - difflib
- name: github.com/stretchr/testify
  version: b91bfb9ebec76498946beb6af7c0230c7cc7ba6c
  subpackages:
  - assert
